{
  "version": 4,
  "terraform_version": "1.6.4",
  "serial": 2,
  "lineage": "aa7969b4-3774-da3b-96ce-0a0ae399fd6d",
  "outputs": {
    "mylocalfile": {
      "value": "demo lecture on terraform plan and apply",
      "type": "string"
    }
  },
  "resources": [
    {
      "mode": "managed",
      "type": "local_file",
      "name": "devops",
      "provider": "provider[\"registry.terraform.io/hashicorp/local\"]",
      "instances": [
        {
          "schema_version": 0,
          "attributes": {
            "content": "demo lecture on terraform plan and apply",
            "content_base64": null,
            "content_base64sha256": "Cf19pgqZqV4e8bswBW82hFOkxgeAQKNbgBBOjLUQ9QE=",
            "content_base64sha512": "7HK4mww28Sgsj8khbkaLVOlCEq17nLCZNINkV6zW3XVpgt/ypvrO9/ssliYo3fHz7jR8mHDenMO54iyiUzKZvQ==",
            "content_md5": "da0c589978665baff5a848dc5d231928",
            "content_sha1": "a775265a0721fb132d41fadc00d10998e0ad037c",
            "content_sha256": "09fd7da60a99a95e1ef1bb30056f368453a4c6078040a35b80104e8cb510f501",
            "content_sha512": "ec72b89b0c36f1282c8fc9216e468b54e94212ad7b9cb09934836457acd6dd756982dff2a6facef7fb2c962628ddf1f3ee347c9870de9cc3b9e22ca2533299bd",
            "directory_permission": "0777",
            "file_permission": "0777",
            "filename": "C:/Users/Sajesh/Desktop/AWSlearning/Git learning/teraform/teraformcode/demo.txt",
            "id": "a775265a0721fb132d41fadc00d10998e0ad037c",
            "sensitive_content": null,
            "source": null
          },
          "sensitive_attributes": []
        }
      ]
    }
  ],
  "check_results": null
}
