{
  "version": 4,
  "terraform_version": "1.6.4",
  "serial": 8,
  "lineage": "aa7969b4-3774-da3b-96ce-0a0ae399fd6d",
  "outputs": {
    "mylocalfile": {
      "value": "demo was executed",
      "type": "string"
    }
  },
  "resources": [
    {
      "mode": "managed",
      "type": "local_file",
      "name": "devops",
      "provider": "provider[\"registry.terraform.io/hashicorp/local\"]",
      "instances": [
        {
          "schema_version": 0,
          "attributes": {
            "content": "demo was executed",
            "content_base64": null,
            "content_base64sha256": "08v6aPoMD3dzh1hI1tSd3cqrcukucUqk9xT/CDJXFBk=",
            "content_base64sha512": "pwM9VC6sfpYiBXSkqsa0fjgsGPBFxIYUSCBm3+Mqa1bitYn+6LvDKLGShXUCZz0H4snLkAtou+6YweNilTxKDA==",
            "content_md5": "ca3a14effb49d1dc9035d1086eed2179",
            "content_sha1": "6e4ab35aeed144f4018be49d7bed79181197a473",
            "content_sha256": "d3cbfa68fa0c0f7773875848d6d49dddcaab72e92e714aa4f714ff0832571419",
            "content_sha512": "a7033d542eac7e96220574a4aac6b47e382c18f045c48614482066dfe32a6b56e2b589fee8bbc328b192857502673d07e2c9cb900b68bbee98c1e362953c4a0c",
            "directory_permission": "0777",
            "file_permission": "0777",
            "filename": "C:/Users/Sajesh/Desktop/AWSlearning/Git learning/teraform/teraformcode/demo.txt",
            "id": "6e4ab35aeed144f4018be49d7bed79181197a473",
            "sensitive_content": null,
            "source": null
          },
          "sensitive_attributes": []
        }
      ]
    }
  ],
  "check_results": null
}
