{
  "version": 4,
  "terraform_version": "1.6.4",
  "serial": 11,
  "lineage": "aa7969b4-3774-da3b-96ce-0a0ae399fd6d",
  "outputs": {
    "mylocalfile": {
      "value": "demo lecture of terraform variables",
      "type": "string"
    }
  },
  "resources": [
    {
      "mode": "managed",
      "type": "local_file",
      "name": "devops",
      "provider": "provider[\"registry.terraform.io/hashicorp/local\"]",
      "instances": [
        {
          "schema_version": 0,
          "attributes": {
            "content": "demo lecture of terraform variables",
            "content_base64": null,
            "content_base64sha256": "CALfaS+jQX6ex1goElHZeC9yiHEyd8+wx2s/51L2KOo=",
            "content_base64sha512": "GCuKtWV4cZB6+q3iEVkVgtsWMVyUUwYlqYbXEoGwmD8fl1CYJBFzLCQNIPsER1d6y7WqkU99r/jANyAygAVbGQ==",
            "content_md5": "a3a762d764ebff048761279f9a9fd4ae",
            "content_sha1": "f1b79049909ec66c3d6307c43277cad41d2f6ef1",
            "content_sha256": "0802df692fa3417e9ec758281251d9782f7288713277cfb0c76b3fe752f628ea",
            "content_sha512": "182b8ab5657871907afaade211591582db16315c94530625a986d71281b0983f1f9750982411732c240d20fb0447577acbb5aa914f7daff8c037203280055b19",
            "directory_permission": "0777",
            "file_permission": "0777",
            "filename": "C:/Users/Sajesh/Desktop/AWSlearning/Git learning/teraform/teraformcode/demo.txt",
            "id": "f1b79049909ec66c3d6307c43277cad41d2f6ef1",
            "sensitive_content": null,
            "source": null
          },
          "sensitive_attributes": []
        }
      ]
    }
  ],
  "check_results": null
}
